
Microsoft Visual Studio Solution File, Format Version 12.00
# Visual Studio Version 16
VisualStudioVersion = 16.0.30413.136
MinimumVisualStudioVersion = 10.0.40219.1
Project("{FAE04EC0-301F-11D3-BF4B-00C04F79EFBC}") = "Cipherator", "Cipherator\Cipherator.csproj", "{43DDAF2F-28F1-4331-A77F-13ADD3A0ACD7}"
EndProject
Global
	GlobalSection(SolutionConfigurationPlatforms) = preSolution
		Debug|Any CPU = Debug|Any CPU
		Release|Any CPU = Release|Any CPU
	EndGlobalSection
	GlobalSection(ProjectConfigurationPlatforms) = postSolution
		{43DDAF2F-28F1-4331-A77F-13ADD3A0ACD7}.Debug|Any CPU.ActiveCfg = Debug|Any CPU
		{43DDAF2F-28F1-4331-A77F-13ADD3A0ACD7}.Debug|Any CPU.Build.0 = Debug|Any CPU
		{43DDAF2F-28F1-4331-A77F-13ADD3A0ACD7}.Release|Any CPU.ActiveCfg = Release|Any CPU
		{43DDAF2F-28F1-4331-A77F-13ADD3A0ACD7}.Release|Any CPU.Build.0 = Release|Any CPU
	EndGlobalSection
	GlobalSection(SolutionProperties) = preSolution
		HideSolutionNode = FALSE
	EndGlobalSection
	GlobalSection(ExtensibilityGlobals) = postSolution
		SolutionGuid = {2430E4E1-6FB7-4C5C-868E-890E9A8298E0}
	EndGlobalSection
EndGlobal
